
Microsoft Visual Studio Solution File, Format Version 12.00
# Visual Studio Version 16
VisualStudioVersion = 16.0.31205.134
MinimumVisualStudioVersion = 10.0.40219.1
Project("{FAE04EC0-301F-11D3-BF4B-00C04F79EFBC}") = "Lab3_ZAD1", "Lab3_ZAD1.csproj", "{4DF7C2F8-E220-4811-8760-B069DE869EF6}"
EndProject
Global
	GlobalSection(SolutionConfigurationPlatforms) = preSolution
		Debug|Any CPU = Debug|Any CPU
		Release|Any CPU = Release|Any CPU
	EndGlobalSection
	GlobalSection(ProjectConfigurationPlatforms) = postSolution
		{4DF7C2F8-E220-4811-8760-B069DE869EF6}.Debug|Any CPU.ActiveCfg = Debug|Any CPU
		{4DF7C2F8-E220-4811-8760-B069DE869EF6}.Debug|Any CPU.Build.0 = Debug|Any CPU
		{4DF7C2F8-E220-4811-8760-B069DE869EF6}.Release|Any CPU.ActiveCfg = Release|Any CPU
		{4DF7C2F8-E220-4811-8760-B069DE869EF6}.Release|Any CPU.Build.0 = Release|Any CPU
	EndGlobalSection
	GlobalSection(SolutionProperties) = preSolution
		HideSolutionNode = FALSE
	EndGlobalSection
	GlobalSection(ExtensibilityGlobals) = postSolution
		SolutionGuid = {58EF06A3-3F92-4375-808A-7BE3671AF435}
	EndGlobalSection
EndGlobal
